PODS:
  - Alamofire (4.8.2)
  - DatePicker (1.3.1):
    - Extended
  - DropDown (2.3.13)
  - Extended (1.0.5)
  - IQKeyboardManager (6.5.16)
  - Kingfisher (7.10.0)
  - lottie-ios (4.3.3)
  - ObjectMapper (3.5.3)
  - OpalImagePicker (3.0.0)
  - PieCharts (0.0.7)
  - ProgressHUD (14.1.0)
  - SSSwiftUILoader (0.1.1)
  - SwiftLoader (1.0.0)
  - SwiftyJSON (4.3.0)
  - Toast-Swift (5.1.1)

DEPENDENCIES:
  - Alamofire (= 4.8.2)
  - DatePicker
  - DropDown
  - IQKeyboardManager
  - Kingfisher (~> 7.0)
  - lottie-ios
  - ObjectMapper (~> 3.5)
  - OpalImagePicker
  - PieCharts
  - ProgressHUD
  - SSSwiftUILoader
  - SwiftLoader
  - SwiftyJSON (~> 4.0)
  - Toast-Swift (~> 5.1.1)

SPEC REPOS:
  trunk:
    - Alamofire
    - DatePicker
    - DropDown
    - Extended
    - IQKeyboardManager
    - Kingfisher
    - lottie-ios
    - ObjectMapper
    - OpalImagePicker
    - PieCharts
    - ProgressHUD
    - SSSwiftUILoader
    - SwiftLoader
    - SwiftyJSON
    - Toast-Swift

SPEC CHECKSUMS:
  Alamofire: ae5c501addb7afdbb13687d7f2f722c78734c2d3
  DatePicker: 05ddbd2b57d00ce6f44c1f0611ced32f948d33a6
  DropDown: 8a2116376c1981888557f72ec2ffc9a5e0e456ec
  Extended: c463225e0c29b2823847866c1b106827772ac678
  IQKeyboardManager: 024b54d7dcb765c5bc99882cb4d5ea24a8cb7c3c
  Kingfisher: a18f05d3b6d37d8650ee4a3e61d57a28fc6207f6
  lottie-ios: 25e7b2675dad5c3ddad369ac9baab03560c5bfdd
  ObjectMapper: 97111c97e054a6ee25917662106689f0b4127b37
  OpalImagePicker: 38e772dd93a54431fc516b33e1f337c50f745834
  PieCharts: 30e50dfa7dc19e5b84e9878d32089673ef5d0453
  ProgressHUD: c4a55f108815c46a6bf082407d2f806840b7a869
  SSSwiftUILoader: 100fd3d35daf8969a2227b9bf93380712ee3a27d
  SwiftLoader: f12f3a6fb42576862a3a5eb80c7e59fc881b6982
  SwiftyJSON: 6faa0040f8b59dead0ee07436cbf76b73c08fd08
  Toast-Swift: 7a03a532afe3a560d4044bc7c237e2864d295173

PODFILE CHECKSUM: 38b210c92d7f0cd8926b29bbda025f82955605b1

COCOAPODS: 1.15.2
